
Microsoft Visual Studio Solution File, Format Version 12.00
# Visual Studio Version 17
VisualStudioVersion = 17.4.33213.308
MinimumVisualStudioVersion = 10.0.40219.1
Project("{FAE04EC0-301F-11D3-BF4B-00C04F79EFBC}") = "Ecommerce_Blazor", "Ecommerce_Blazor\Ecommerce_Blazor.csproj", "{CEFF42C0-36A1-4B51-98EC-4A4B392B8E50}"
EndProject
Project("{FAE04EC0-301F-11D3-BF4B-00C04F79EFBC}") = "Ecommerce_Function", "Ecommerce_Function\Ecommerce_Function.csproj", "{96237FCD-DF13-42EB-BF00-9851542D5C38}"
EndProject
Project("{FAE04EC0-301F-11D3-BF4B-00C04F79EFBC}") = "Ecommerce_Model", "Ecommerce_Model\Ecommerce_Model.csproj", "{C8A26B0B-487D-468C-A9DC-9821B193460F}"
EndProject
Global
	GlobalSection(SolutionConfigurationPlatforms) = preSolution
		Debug|Any CPU = Debug|Any CPU
		Release|Any CPU = Release|Any CPU
	EndGlobalSection
	GlobalSection(ProjectConfigurationPlatforms) = postSolution
		{CEFF42C0-36A1-4B51-98EC-4A4B392B8E50}.Debug|Any CPU.ActiveCfg = Debug|Any CPU
		{CEFF42C0-36A1-4B51-98EC-4A4B392B8E50}.Debug|Any CPU.Build.0 = Debug|Any CPU
		{CEFF42C0-36A1-4B51-98EC-4A4B392B8E50}.Release|Any CPU.ActiveCfg = Release|Any CPU
		{CEFF42C0-36A1-4B51-98EC-4A4B392B8E50}.Release|Any CPU.Build.0 = Release|Any CPU
		{96237FCD-DF13-42EB-BF00-9851542D5C38}.Debug|Any CPU.ActiveCfg = Debug|Any CPU
		{96237FCD-DF13-42EB-BF00-9851542D5C38}.Debug|Any CPU.Build.0 = Debug|Any CPU
		{96237FCD-DF13-42EB-BF00-9851542D5C38}.Release|Any CPU.ActiveCfg = Release|Any CPU
		{96237FCD-DF13-42EB-BF00-9851542D5C38}.Release|Any CPU.Build.0 = Release|Any CPU
		{C8A26B0B-487D-468C-A9DC-9821B193460F}.Debug|Any CPU.ActiveCfg = Debug|Any CPU
		{C8A26B0B-487D-468C-A9DC-9821B193460F}.Debug|Any CPU.Build.0 = Debug|Any CPU
		{C8A26B0B-487D-468C-A9DC-9821B193460F}.Release|Any CPU.ActiveCfg = Release|Any CPU
		{C8A26B0B-487D-468C-A9DC-9821B193460F}.Release|Any CPU.Build.0 = Release|Any CPU
	EndGlobalSection
	GlobalSection(SolutionProperties) = preSolution
		HideSolutionNode = FALSE
	EndGlobalSection
	GlobalSection(ExtensibilityGlobals) = postSolution
		SolutionGuid = {DF83C109-01D1-4718-9340-D2E3F5BF87AE}
	EndGlobalSection
EndGlobal
